github.com/OfflineBot/gomat v0.0.0-20250226112857-9d728a4fea69 h1:2Fr1bwlgoezBSScpJVUwYg0EdGolpzbnn90l9Pdwpj0=
github.com/OfflineBot/gomat v0.0.0-20250226112857-9d728a4fea69/go.mod h1:TY/sY/NlOLZP+MvP6BQcziGR1BMf+NgmzYarjLhwR3I=
github.com/OfflineBot/gomat v0.0.0-20250513225922-8fa4642fa42e h1:W4OfLI87jVmfmOF3+SlvMutGr/1XVVWjMJ8+nYVOvXw=
github.com/OfflineBot/gomat v0.0.0-20250513225922-8fa4642fa42e/go.mod h1:TY/sY/NlOLZP+MvP6BQcziGR1BMf+NgmzYarjLhwR3I=
