github.com/OfflineBot/gomat v0.0.0-20250514233409-ff236b62590f h1:NzjTearpXUSBB7ON6g+2H6G9eQJvAR1bwiEGCbZRuoA=
github.com/OfflineBot/gomat v0.0.0-20250514233409-ff236b62590f/go.mod h1:TY/sY/NlOLZP+MvP6BQcziGR1BMf+NgmzYarjLhwR3I=
github.com/OfflineBot/gomat v0.0.0-20250514234542-1d68347fcb3d h1:egwiPDJTeNl/1rKhXzIwpJVptRmcKbYPf16EtWsrheM=
github.com/OfflineBot/gomat v0.0.0-20250514234542-1d68347fcb3d/go.mod h1:TY/sY/NlOLZP+MvP6BQcziGR1BMf+NgmzYarjLhwR3I=
github.com/OfflineBot/gomat v0.0.0-20250514235113-1adddac70c70 h1:hyM03LqyPIBCEEMJROBpHEEl1tBkXfevJOj5jmYHWis=
github.com/OfflineBot/gomat v0.0.0-20250514235113-1adddac70c70/go.mod h1:TY/sY/NlOLZP+MvP6BQcziGR1BMf+NgmzYarjLhwR3I=
github.com/OfflineBot/gomat v0.0.0-20250514235203-35bf1d1a464c h1:I9XKq1cxv+7qMb0CRt6RViEb46K8igFR85QmA+Ddtv8=
github.com/OfflineBot/gomat v0.0.0-20250514235203-35bf1d1a464c/go.mod h1:TY/sY/NlOLZP+MvP6BQcziGR1BMf+NgmzYarjLhwR3I=
